// !$*UTF8*$!
{
	archiveVersion = 1;
	classes = {
	};
	objectVersion = 77;
	objects = {

/* Begin PBXContainerItemProxy section */
		203F797D2DDABF8C007EFAF3 /* PBXContainerItemProxy */ = {
			isa = PBXContainerItemProxy;
			containerPortal = 203F79642DDABF8A007EFAF3 /* Project object */;
			proxyType = 1;
			remoteGlobalIDString = 203F796B2DDABF8A007EFAF3;
			remoteInfo = AlarmKO;
		};
		203F79872DDABF8C007EFAF3 /* PBXContainerItemProxy */ = {
			isa = PBXContainerItemProxy;
			containerPortal = 203F79642DDABF8A007EFAF3 /* Project object */;
			proxyType = 1;
			remoteGlobalIDString = 203F796B2DDABF8A007EFAF3;
			remoteInfo = AlarmKO;
		};
/* End PBXContainerItemProxy section */

/* Begin PBXFileReference section */
		203F796C2DDABF8A007EFAF3 /* AlarmKO.app */ = {isa = PBXFileReference; explicitFileType = wrapper.application; includeInIndex = 0; path = AlarmKO.app; sourceTree = BUILT_PRODUCTS_DIR; };
		203F797C2DDABF8C007EFAF3 /* AlarmKOTests.xctest */ = {isa = PBXFileReference; explicitFileType = wrapper.cfbundle; includeInIndex = 0; path = AlarmKOTests.xctest; sourceTree = BUILT_PRODUCTS_DIR; };
		203F79862DDABF8C007EFAF3 /* AlarmKOUITests.xctest */ = {isa = PBXFileReference; explicitFileType = wrapper.cfbundle; includeInIndex = 0; path = AlarmKOUITests.xctest; sourceTree = BUILT_PRODUCTS_DIR; };
/* End PBXFileReference section */

/* Begin PBXFileSystemSynchronizedRootGroup section */
		203F796E2DDABF8A007EFAF3 /* AlarmKO */ = {
			isa = PBXFileSystemSynchronizedRootGroup;
			path = AlarmKO;
			sourceTree = "<group>";
		};
		203F797F2DDABF8C007EFAF3 /* AlarmKOTests */ = {
			isa = PBXFileSystemSynchronizedRootGroup;
			path = AlarmKOTests;
			sourceTree = "<group>";
		};
		203F79892DDABF8C007EFAF3 /* AlarmKOUITests */ = {
			isa = PBXFileSystemSynchronizedRootGroup;
			path = AlarmKOUITests;
			sourceTree = "<group>";
		};
/* End PBXFileSystemSynchronizedRootGroup section */

/* Begin PBXFrameworksBuildPhase section */
		203F79692DDABF8A007EFAF3 /* Frameworks */ = {
			isa = PBXFrameworksBuildPhase;
			buildActionMask = 2147483647;
			files = (
			);
			runOnlyForDeploymentPostprocessing = 0;
		};
		203F79792DDABF8C007EFAF3 /* Frameworks */ = {
			isa = PBXFrameworksBuildPhase;
			buildActionMask = 2147483647;
			files = (
			);
			runOnlyForDeploymentPostprocessing = 0;
		};
		203F79832DDABF8C007EFAF3 /* Frameworks */ = {
			isa = PBXFrameworksBuildPhase;
			buildActionMask = 2147483647;
			files = (
			);
			runOnlyForDeploymentPostprocessing = 0;
		};
/* End PBXFrameworksBuildPhase section */

/* Begin PBXGroup section */
		203F79632DDABF8A007EFAF3 = {
			isa = PBXGroup;
			children = (
				203F796E2DDABF8A007EFAF3 /* AlarmKO */,
				203F797F2DDABF8C007EFAF3 /* AlarmKOTests */,
				203F79892DDABF8C007EFAF3 /* AlarmKOUITests */,
				203F796D2DDABF8A007EFAF3 /* Products */,
			);
			sourceTree = "<group>";
		};
		203F796D2DDABF8A007EFAF3 /* Products */ = {
			isa = PBXGroup;
			children = (
				203F796C2DDABF8A007EFAF3 /* AlarmKO.app */,
				203F797C2DDABF8C007EFAF3 /* AlarmKOTests.xctest */,
				203F79862DDABF8C007EFAF3 /* AlarmKOUITests.xctest */,
			);
			name = Products;
			sourceTree = "<group>";
		};
/* End PBXGroup section */

/* Begin PBXNativeTarget section */
		203F796B2DDABF8A007EFAF3 /* AlarmKO */ = {
			isa = PBXNativeTarget;
			buildConfigurationList = 203F79902DDABF8C007EFAF3 /* Build configuration list for PBXNativeTarget "AlarmKO" */;
			buildPhases = (
				203F79682DDABF8A007EFAF3 /* Sources */,
				203F79692DDABF8A007EFAF3 /* Frameworks */,
				203F796A2DDABF8A007EFAF3 /* Resources */,
			);
			buildRules = (
			);
			dependencies = (
			);
			fileSystemSynchronizedGroups = (
				203F796E2DDABF8A007EFAF3 /* AlarmKO */,
			);
			name = AlarmKO;
			packageProductDependencies = (
			);
			productName = AlarmKO;
			productReference = 203F796C2DDABF8A007EFAF3 /* AlarmKO.app */;
			productType = "com.apple.product-type.application";
		};
		203F797B2DDABF8C007EFAF3 /* AlarmKOTests */ = {
			isa = PBXNativeTarget;
			buildConfigurationList = 203F79932DDABF8C007EFAF3 /* Build configuration list for PBXNativeTarget "AlarmKOTests" */;
			buildPhases = (
				203F79782DDABF8C007EFAF3 /* Sources */,
				203F79792DDABF8C007EFAF3 /* Frameworks */,
				203F797A2DDABF8C007EFAF3 /* Resources */,
			);
			buildRules = (
			);
			dependencies = (
				203F797E2DDABF8C007EFAF3 /* PBXTargetDependency */,
			);
			fileSystemSynchronizedGroups = (
				203F797F2DDABF8C007EFAF3 /* AlarmKOTests */,
			);
			name = AlarmKOTests;
			packageProductDependencies = (
			);
			productName = AlarmKOTests;
			productReference = 203F797C2DDABF8C007EFAF3 /* AlarmKOTests.xctest */;
			productType = "com.apple.product-type.bundle.unit-test";
		};
		203F79852DDABF8C007EFAF3 /* AlarmKOUITests */ = {
			isa = PBXNativeTarget;
			buildConfigurationList = 203F79962DDABF8C007EFAF3 /* Build configuration list for PBXNativeTarget "AlarmKOUITests" */;
			buildPhases = (
				203F79822DDABF8C007EFAF3 /* Sources */,
				203F79832DDABF8C007EFAF3 /* Frameworks */,
				203F79842DDABF8C007EFAF3 /* Resources */,
			);
			buildRules = (
			);
			dependencies = (
				203F79882DDABF8C007EFAF3 /* PBXTargetDependency */,
			);
			fileSystemSynchronizedGroups = (
				203F79892DDABF8C007EFAF3 /* AlarmKOUITests */,
			);
			name = AlarmKOUITests;
			packageProductDependencies = (
			);
			productName = AlarmKOUITests;
			productReference = 203F79862DDABF8C007EFAF3 /* AlarmKOUITests.xctest */;
			productType = "com.apple.product-type.bundle.ui-testing";
		};
/* End PBXNativeTarget section */

/* Begin PBXProject section */
		203F79642DDABF8A007EFAF3 /* Project object */ = {
			isa = PBXProject;
			attributes = {
				BuildIndependentTargetsInParallel = 1;
				LastSwiftUpdateCheck = 1620;
				LastUpgradeCheck = 1620;
				TargetAttributes = {
					203F796B2DDABF8A007EFAF3 = {
						CreatedOnToolsVersion = 16.2;
					};
					203F797B2DDABF8C007EFAF3 = {
						CreatedOnToolsVersion = 16.2;
						TestTargetID = 203F796B2DDABF8A007EFAF3;
					};
					203F79852DDABF8C007EFAF3 = {
						CreatedOnToolsVersion = 16.2;
						TestTargetID = 203F796B2DDABF8A007EFAF3;
					};
				};
			};
			buildConfigurationList = 203F79672DDABF8A007EFAF3 /* Build configuration list for PBXProject "AlarmKO" */;
			developmentRegion = en;
			hasScannedForEncodings = 0;
			knownRegions = (
				en,
				Base,
			);
			mainGroup = 203F79632DDABF8A007EFAF3;
			minimizedProjectReferenceProxies = 1;
			preferredProjectObjectVersion = 77;
			productRefGroup = 203F796D2DDABF8A007EFAF3 /* Products */;
			projectDirPath = "";
			projectRoot = "";
			targets = (
				203F796B2DDABF8A007EFAF3 /* AlarmKO */,
				203F797B2DDABF8C007EFAF3 /* AlarmKOTests */,
				203F79852DDABF8C007EFAF3 /* AlarmKOUITests */,
			);
		};
/* End PBXProject section */

/* Begin PBXResourcesBuildPhase section */
		203F796A2DDABF8A007EFAF3 /* Resources */ = {
			isa = PBXResourcesBuildPhase;
			buildActionMask = 2147483647;
			files = (
			);
			runOnlyForDeploymentPostprocessing = 0;
		};
		203F797A2DDABF8C007EFAF3 /* Resources */ = {
			isa = PBXResourcesBuildPhase;
			buildActionMask = 2147483647;
			files = (
			);
			runOnlyForDeploymentPostprocessing = 0;
		};
		203F79842DDABF8C007EFAF3 /* Resources */ = {
			isa = PBXResourcesBuildPhase;
			buildActionMask = 2147483647;
			files = (
			);
			runOnlyForDeploymentPostprocessing = 0;
		};
/* End PBXResourcesBuildPhase section */

/* Begin PBXSourcesBuildPhase section */
		203F79682DDABF8A007EFAF3 /* Sources */ = {
			isa = PBXSourcesBuildPhase;
			buildActionMask = 2147483647;
			files = (
			);
			runOnlyForDeploymentPostprocessing = 0;
		};
		203F79782DDABF8C007EFAF3 /* Sources */ = {
			isa = PBXSourcesBuildPhase;
			buildActionMask = 2147483647;
			files = (
			);
			runOnlyForDeploymentPostprocessing = 0;
		};
		203F79822DDABF8C007EFAF3 /* Sources */ = {
			isa = PBXSourcesBuildPhase;
			buildActionMask = 2147483647;
			files = (
			);
			runOnlyForDeploymentPostprocessing = 0;
		};
/* End PBXSourcesBuildPhase section */

/* Begin PBXTargetDependency section */
		203F797E2DDABF8C007EFAF3 /* PBXTargetDependency */ = {
			isa = PBXTargetDependency;
			target = 203F796B2DDABF8A007EFAF3 /* AlarmKO */;
			targetProxy = 203F797D2DDABF8C007EFAF3 /* PBXContainerItemProxy */;
		};
		203F79882DDABF8C007EFAF3 /* PBXTargetDependency */ = {
			isa = PBXTargetDependency;
			target = 203F796B2DDABF8A007EFAF3 /* AlarmKO */;
			targetProxy = 203F79872DDABF8C007EFAF3 /* PBXContainerItemProxy */;
		};
/* End PBXTargetDependency section */

/* Begin XCBuildConfiguration section */
		203F798E2DDABF8C007EFAF3 /* Debug */ = {
			isa = XCBuildConfiguration;
			buildSettings = {
				ALWAYS_SEARCH_USER_PATHS = NO;
				ASSETCATALOG_COMPILER_GENERATE_SWIFT_ASSET_SYMBOL_EXTENSIONS = YES;
				CLANG_ANALYZER_NONNULL = YES;
				CLANG_ANALYZER_NUMBER_OBJECT_CONVERSION = YES_AGGRESSIVE;
				CLANG_CXX_LANGUAGE_STANDARD = "gnu++20";
				CLANG_ENABLE_MODULES = YES;
				CLANG_ENABLE_OBJC_ARC = YES;
				CLANG_ENABLE_OBJC_WEAK = YES;
				CLANG_WARN_BLOCK_CAPTURE_AUTORELEASING = YES;
				CLANG_WARN_BOOL_CONVERSION = YES;
				CLANG_WARN_COMMA = YES;
				CLANG_WARN_CONSTANT_CONVERSION = YES;
				CLANG_WARN_DEPRECATED_OBJC_IMPLEMENTATIONS = YES;
				CLANG_WARN_DIRECT_OBJC_ISA_USAGE = YES_ERROR;
				CLANG_WARN_DOCUMENTATION_COMMENTS = YES;
				CLANG_WARN_EMPTY_BODY = YES;
				CLANG_WARN_ENUM_CONVERSION = YES;
				CLANG_WARN_INFINITE_RECURSION = YES;
				CLANG_WARN_INT_CONVERSION = YES;
				CLANG_WARN_NON_LITERAL_NULL_CONVERSION = YES;
				CLANG_WARN_OBJC_IMPLICIT_RETAIN_SELF = YES;
				CLANG_WARN_OBJC_LITERAL_CONVERSION = YES;
				CLANG_WARN_OBJC_ROOT_CLASS = YES_ERROR;
				CLANG_WARN_QUOTED_INCLUDE_IN_FRAMEWORK_HEADER = YES;
				CLANG_WARN_RANGE_LOOP_ANALYSIS = YES;
				CLANG_WARN_STRICT_PROTOTYPES = YES;
				CLANG_WARN_SUSPICIOUS_MOVE = YES;
				CLANG_WARN_UNGUARDED_AVAILABILITY = YES_AGGRESSIVE;
				CLANG_WARN_UNREACHABLE_CODE = YES;
				CLANG_WARN__DUPLICATE_METHOD_MATCH = YES;
				COPY_PHASE_STRIP = NO;
				DEBUG_INFORMATION_FORMAT = dwarf;
				ENABLE_STRICT_OBJC_MSGSEND = YES;
				ENABLE_TESTABILITY = YES;
				ENABLE_USER_SCRIPT_SANDBOXING = YES;
				GCC_C_LANGUAGE_STANDARD = gnu17;
				GCC_DYNAMIC_NO_PIC = NO;
				GCC_NO_COMMON_BLOCKS = YES;
				GCC_OPTIMIZATION_LEVEL = 0;
				GCC_PREPROCESSOR_DEFINITIONS = (
					"DEBUG=1",
					"$(inherited)",
				);
				GCC_WARN_64_TO_32_BIT_CONVERSION = YES;
				GCC_WARN_ABOUT_RETURN_TYPE = YES_ERROR;
				GCC_WARN_UNDECLARED_SELECTOR = YES;
				GCC_WARN_UNINITIALIZED_AUTOS = YES_AGGRESSIVE;
				GCC_WARN_UNUSED_FUNCTION = YES;
				GCC_WARN_UNUSED_VARIABLE = YES;
				IPHONEOS_DEPLOYMENT_TARGET = 18.2;
				LOCALIZATION_PREFERS_STRING_CATALOGS = YES;
				MTL_ENABLE_DEBUG_INFO = INCLUDE_SOURCE;
				MTL_FAST_MATH = YES;
				ONLY_ACTIVE_ARCH = YES;
				SDKROOT = iphoneos;
				SWIFT_ACTIVE_COMPILATION_CONDITIONS = "DEBUG $(inherited)";
				SWIFT_OPTIMIZATION_LEVEL = "-Onone";
			};
			name = Debug;
		};
		203F798F2DDABF8C007EFAF3 /* Release */ = {
			isa = XCBuildConfiguration;
			buildSettings = {
				ALWAYS_SEARCH_USER_PATHS = NO;
				ASSETCATALOG_COMPILER_GENERATE_SWIFT_ASSET_SYMBOL_EXTENSIONS = YES;
				CLANG_ANALYZER_NONNULL = YES;
				CLANG_ANALYZER_NUMBER_OBJECT_CONVERSION = YES_AGGRESSIVE;
				CLANG_CXX_LANGUAGE_STANDARD = "gnu++20";
				CLANG_ENABLE_MODULES = YES;
				CLANG_ENABLE_OBJC_ARC = YES;
				CLANG_ENABLE_OBJC_WEAK = YES;
				CLANG_WARN_BLOCK_CAPTURE_AUTORELEASING = YES;
				CLANG_WARN_BOOL_CONVERSION = YES;
				CLANG_WARN_COMMA = YES;
				CLANG_WARN_CONSTANT_CONVERSION = YES;
				CLANG_WARN_DEPRECATED_OBJC_IMPLEMENTATIONS = YES;
				CLANG_WARN_DIRECT_OBJC_ISA_USAGE = YES_ERROR;
				CLANG_WARN_DOCUMENTATION_COMMENTS = YES;
				CLANG_WARN_EMPTY_BODY = YES;
				CLANG_WARN_ENUM_CONVERSION = YES;
				CLANG_WARN_INFINITE_RECURSION = YES;
				CLANG_WARN_INT_CONVERSION = YES;
				CLANG_WARN_NON_LITERAL_NULL_CONVERSION = YES;
				CLANG_WARN_OBJC_IMPLICIT_RETAIN_SELF = YES;
				CLANG_WARN_OBJC_LITERAL_CONVERSION = YES;
				CLANG_WARN_OBJC_ROOT_CLASS = YES_ERROR;
				CLANG_WARN_QUOTED_INCLUDE_IN_FRAMEWORK_HEADER = YES;
				CLANG_WARN_RANGE_LOOP_ANALYSIS = YES;
				CLANG_WARN_STRICT_PROTOTYPES = YES;
				CLANG_WARN_SUSPICIOUS_MOVE = YES;
				CLANG_WARN_UNGUARDED_AVAILABILITY = YES_AGGRESSIVE;
				CLANG_WARN_UNREACHABLE_CODE = YES;
				CLANG_WARN__DUPLICATE_METHOD_MATCH = YES;
				COPY_PHASE_STRIP = NO;
				DEBUG_INFORMATION_FORMAT = "dwarf-with-dsym";
				ENABLE_NS_ASSERTIONS = NO;
				ENABLE_STRICT_OBJC_MSGSEND = YES;
				ENABLE_USER_SCRIPT_SANDBOXING = YES;
				GCC_C_LANGUAGE_STANDARD = gnu17;
				GCC_NO_COMMON_BLOCKS = YES;
				GCC_WARN_64_TO_32_BIT_CONVERSION = YES;
				GCC_WARN_ABOUT_RETURN_TYPE = YES_ERROR;
				GCC_WARN_UNDECLARED_SELECTOR = YES;
				GCC_WARN_UNINITIALIZED_AUTOS = YES_AGGRESSIVE;
				GCC_WARN_UNUSED_FUNCTION = YES;
				GCC_WARN_UNUSED_VARIABLE = YES;
				IPHONEOS_DEPLOYMENT_TARGET = 18.2;
				LOCALIZATION_PREFERS_STRING_CATALOGS = YES;
				MTL_ENABLE_DEBUG_INFO = NO;
				MTL_FAST_MATH = YES;
				SDKROOT = iphoneos;
				SWIFT_COMPILATION_MODE = wholemodule;
				VALIDATE_PRODUCT = YES;
			};
			name = Release;
		};
		203F79912DDABF8C007EFAF3 /* Debug */ = {
			isa = XCBuildConfiguration;
			buildSettings = {
				ASSETCATALOG_COMPILER_APPICON_NAME = AppIcon;
				ASSETCATALOG_COMPILER_GLOBAL_ACCENT_COLOR_NAME = AccentColor;
				CODE_SIGN_STYLE = Automatic;
				CURRENT_PROJECT_VERSION = 1;
				DEVELOPMENT_ASSET_PATHS = "\"AlarmKO/Preview Content\"";
				DEVELOPMENT_TEAM = NS6W95B7GS;
				ENABLE_PREVIEWS = YES;
				GENERATE_INFOPLIST_FILE = YES;
				INFOPLIST_KEY_UIApplicationSceneManifest_Generation = YES;
				INFOPLIST_KEY_UIApplicationSupportsIndirectInputEvents = YES;
				INFOPLIST_KEY_UILaunchScreen_Generation = YES;
				INFOPLIST_KEY_UISupportedInterfaceOrientations_iPad = "UIInterfaceOrientationPortrait UIInterfaceOrientationPortraitUpsideDown UIInterfaceOrientationLandscapeLeft UIInterfaceOrientationLandscapeRight";
				INFOPLIST_KEY_UISupportedInterfaceOrientations_iPhone = "UIInterfaceOrientationPortrait UIInterfaceOrientationLandscapeLeft UIInterfaceOrientationLandscapeRight";
				LD_RUNPATH_SEARCH_PATHS = (
					"$(inherited)",
					"@executable_path/Frameworks",
				);
				MARKETING_VERSION = 1.0;
				PRODUCT_BUNDLE_IDENTIFIER = com.AlarmKO;
				PRODUCT_NAME = "$(TARGET_NAME)";
				SWIFT_EMIT_LOC_STRINGS = YES;
				SWIFT_VERSION = 5.0;
				TARGETED_DEVICE_FAMILY = "1,2";
			};
			name = Debug;
		};
		203F79922DDABF8C007EFAF3 /* Release */ = {
			isa = XCBuildConfiguration;
			buildSettings = {
				ASSETCATALOG_COMPILER_APPICON_NAME = AppIcon;
				ASSETCATALOG_COMPILER_GLOBAL_ACCENT_COLOR_NAME = AccentColor;
				CODE_SIGN_STYLE = Automatic;
				CURRENT_PROJECT_VERSION = 1;
				DEVELOPMENT_ASSET_PATHS = "\"AlarmKO/Preview Content\"";
				DEVELOPMENT_TEAM = NS6W95B7GS;
				ENABLE_PREVIEWS = YES;
				GENERATE_INFOPLIST_FILE = YES;
				INFOPLIST_KEY_UIApplicationSceneManifest_Generation = YES;
				INFOPLIST_KEY_UIApplicationSupportsIndirectInputEvents = YES;
				INFOPLIST_KEY_UILaunchScreen_Generation = YES;
				INFOPLIST_KEY_UISupportedInterfaceOrientations_iPad = "UIInterfaceOrientationPortrait UIInterfaceOrientationPortraitUpsideDown UIInterfaceOrientationLandscapeLeft UIInterfaceOrientationLandscapeRight";
				INFOPLIST_KEY_UISupportedInterfaceOrientations_iPhone = "UIInterfaceOrientationPortrait UIInterfaceOrientationLandscapeLeft UIInterfaceOrientationLandscapeRight";
				LD_RUNPATH_SEARCH_PATHS = (
					"$(inherited)",
					"@executable_path/Frameworks",
				);
				MARKETING_VERSION = 1.0;
				PRODUCT_BUNDLE_IDENTIFIER = com.AlarmKO;
				PRODUCT_NAME = "$(TARGET_NAME)";
				SWIFT_EMIT_LOC_STRINGS = YES;
				SWIFT_VERSION = 5.0;
				TARGETED_DEVICE_FAMILY = "1,2";
			};
			name = Release;
		};
		203F79942DDABF8C007EFAF3 /* Debug */ = {
			isa = XCBuildConfiguration;
			buildSettings = {
				BUNDLE_LOADER = "$(TEST_HOST)";
				CODE_SIGN_STYLE = Automatic;
				CURRENT_PROJECT_VERSION = 1;
				DEVELOPMENT_TEAM = NS6W95B7GS;
				GENERATE_INFOPLIST_FILE = YES;
				IPHONEOS_DEPLOYMENT_TARGET = 18.2;
				MARKETING_VERSION = 1.0;
				PRODUCT_BUNDLE_IDENTIFIER = com.AlarmKOTests;
				PRODUCT_NAME = "$(TARGET_NAME)";
				SWIFT_EMIT_LOC_STRINGS = NO;
				SWIFT_VERSION = 5.0;
				TARGETED_DEVICE_FAMILY = "1,2";
				TEST_HOST = "$(BUILT_PRODUCTS_DIR)/AlarmKO.app/$(BUNDLE_EXECUTABLE_FOLDER_PATH)/AlarmKO";
			};
			name = Debug;
		};
		203F79952DDABF8C007EFAF3 /* Release */ = {
			isa = XCBuildConfiguration;
			buildSettings = {
				BUNDLE_LOADER = "$(TEST_HOST)";
				CODE_SIGN_STYLE = Automatic;
				CURRENT_PROJECT_VERSION = 1;
				DEVELOPMENT_TEAM = NS6W95B7GS;
				GENERATE_INFOPLIST_FILE = YES;
				IPHONEOS_DEPLOYMENT_TARGET = 18.2;
				MARKETING_VERSION = 1.0;
				PRODUCT_BUNDLE_IDENTIFIER = com.AlarmKOTests;
				PRODUCT_NAME = "$(TARGET_NAME)";
				SWIFT_EMIT_LOC_STRINGS = NO;
				SWIFT_VERSION = 5.0;
				TARGETED_DEVICE_FAMILY = "1,2";
				TEST_HOST = "$(BUILT_PRODUCTS_DIR)/AlarmKO.app/$(BUNDLE_EXECUTABLE_FOLDER_PATH)/AlarmKO";
			};
			name = Release;
		};
		203F79972DDABF8C007EFAF3 /* Debug */ = {
			isa = XCBuildConfiguration;
			buildSettings = {
				CODE_SIGN_STYLE = Automatic;
				CURRENT_PROJECT_VERSION = 1;
				DEVELOPMENT_TEAM = NS6W95B7GS;
				GENERATE_INFOPLIST_FILE = YES;
				MARKETING_VERSION = 1.0;
				PRODUCT_BUNDLE_IDENTIFIER = com.AlarmKOUITests;
				PRODUCT_NAME = "$(TARGET_NAME)";
				SWIFT_EMIT_LOC_STRINGS = NO;
				SWIFT_VERSION = 5.0;
				TARGETED_DEVICE_FAMILY = "1,2";
				TEST_TARGET_NAME = AlarmKO;
			};
			name = Debug;
		};
		203F79982DDABF8C007EFAF3 /* Release */ = {
			isa = XCBuildConfiguration;
			buildSettings = {
				CODE_SIGN_STYLE = Automatic;
				CURRENT_PROJECT_VERSION = 1;
				DEVELOPMENT_TEAM = NS6W95B7GS;
				GENERATE_INFOPLIST_FILE = YES;
				MARKETING_VERSION = 1.0;
				PRODUCT_BUNDLE_IDENTIFIER = com.AlarmKOUITests;
				PRODUCT_NAME = "$(TARGET_NAME)";
				SWIFT_EMIT_LOC_STRINGS = NO;
				SWIFT_VERSION = 5.0;
				TARGETED_DEVICE_FAMILY = "1,2";
				TEST_TARGET_NAME = AlarmKO;
			};
			name = Release;
		};
/* End XCBuildConfiguration section */

/* Begin XCConfigurationList section */
		203F79672DDABF8A007EFAF3 /* Build configuration list for PBXProject "AlarmKO" */ = {
			isa = XCConfigurationList;
			buildConfigurations = (
				203F798E2DDABF8C007EFAF3 /* Debug */,
				203F798F2DDABF8C007EFAF3 /* Release */,
			);
			defaultConfigurationIsVisible = 0;
			defaultConfigurationName = Release;
		};
		203F79902DDABF8C007EFAF3 /* Build configuration list for PBXNativeTarget "AlarmKO" */ = {
			isa = XCConfigurationList;
			buildConfigurations = (
				203F79912DDABF8C007EFAF3 /* Debug */,
				203F79922DDABF8C007EFAF3 /* Release */,
			);
			defaultConfigurationIsVisible = 0;
			defaultConfigurationName = Release;
		};
		203F79932DDABF8C007EFAF3 /* Build configuration list for PBXNativeTarget "AlarmKOTests" */ = {
			isa = XCConfigurationList;
			buildConfigurations = (
				203F79942DDABF8C007EFAF3 /* Debug */,
				203F79952DDABF8C007EFAF3 /* Release */,
			);
			defaultConfigurationIsVisible = 0;
			defaultConfigurationName = Release;
		};
		203F79962DDABF8C007EFAF3 /* Build configuration list for PBXNativeTarget "AlarmKOUITests" */ = {
			isa = XCConfigurationList;
			buildConfigurations = (
				203F79972DDABF8C007EFAF3 /* Debug */,
				203F79982DDABF8C007EFAF3 /* Release */,
			);
			defaultConfigurationIsVisible = 0;
			defaultConfigurationName = Release;
		};
/* End XCConfigurationList section */
	};
	rootObject = 203F79642DDABF8A007EFAF3 /* Project object */;
}
